Microsoft Visual Studio Solution File, Format Version 12.00
# Visual Studio Version 17
VisualStudioVersion = 17.5.2.0
MinimumVisualStudioVersion = 10.0.40219.1
Project("{FAE04EC0-301F-11D3-BF4B-00C04F79EFBC}") = "AvaMujica.Android", "AvaMujica.Android\AvaMujica.Android.csproj", "{93296116-643F-9DEE-02FB-B7E726F20E66}"
EndProject
Project("{FAE04EC0-301F-11D3-BF4B-00C04F79EFBC}") = "AvaMujica.iOS", "AvaMujica.iOS\AvaMujica.iOS.csproj", "{CA5C28EF-E75C-E23D-73DA-983984C604AB}"
EndProject
Project("{FAE04EC0-301F-11D3-BF4B-00C04F79EFBC}") = "AvaMujica", "AvaMujica\AvaMujica.csproj", "{2F27F517-A2C7-AE18-89EE-ABE1CAAE94B5}"
EndProject
Project("{FAE04EC0-301F-11D3-BF4B-00C04F79EFBC}") = "AvaMujica.Desktop", "AvaMujica.Desktop\AvaMujica.Desktop.csproj", "{82AA12B4-326F-E0D8-1BFB-08ED7FBF9B3C}"
EndProject
Project("{FAE04EC0-301F-11D3-BF4B-00C04F79EFBC}") = "AvaMujica.Browser", "AvaMujica.Browser\AvaMujica.Browser.csproj", "{23B8C983-6FD5-2075-E2E7-E6A09287625B}"
EndProject
Global
	GlobalSection(SolutionConfigurationPlatforms) = preSolution
		Debug|Any CPU = Debug|Any CPU
		Release|Any CPU = Release|Any CPU
	EndGlobalSection
	GlobalSection(ProjectConfigurationPlatforms) = postSolution
		{93296116-643F-9DEE-02FB-B7E726F20E66}.Debug|Any CPU.ActiveCfg = Debug|Any CPU
		{93296116-643F-9DEE-02FB-B7E726F20E66}.Debug|Any CPU.Build.0 = Debug|Any CPU
		{93296116-643F-9DEE-02FB-B7E726F20E66}.Release|Any CPU.ActiveCfg = Release|Any CPU
		{93296116-643F-9DEE-02FB-B7E726F20E66}.Release|Any CPU.Build.0 = Release|Any CPU
		{CA5C28EF-E75C-E23D-73DA-983984C604AB}.Debug|Any CPU.ActiveCfg = Debug|Any CPU
		{CA5C28EF-E75C-E23D-73DA-983984C604AB}.Debug|Any CPU.Build.0 = Debug|Any CPU
		{CA5C28EF-E75C-E23D-73DA-983984C604AB}.Release|Any CPU.ActiveCfg = Release|Any CPU
		{CA5C28EF-E75C-E23D-73DA-983984C604AB}.Release|Any CPU.Build.0 = Release|Any CPU
		{2F27F517-A2C7-AE18-89EE-ABE1CAAE94B5}.Debug|Any CPU.ActiveCfg = Debug|Any CPU
		{2F27F517-A2C7-AE18-89EE-ABE1CAAE94B5}.Debug|Any CPU.Build.0 = Debug|Any CPU
		{2F27F517-A2C7-AE18-89EE-ABE1CAAE94B5}.Release|Any CPU.ActiveCfg = Release|Any CPU
		{2F27F517-A2C7-AE18-89EE-ABE1CAAE94B5}.Release|Any CPU.Build.0 = Release|Any CPU
		{82AA12B4-326F-E0D8-1BFB-08ED7FBF9B3C}.Debug|Any CPU.ActiveCfg = Debug|Any CPU
		{82AA12B4-326F-E0D8-1BFB-08ED7FBF9B3C}.Debug|Any CPU.Build.0 = Debug|Any CPU
		{82AA12B4-326F-E0D8-1BFB-08ED7FBF9B3C}.Release|Any CPU.ActiveCfg = Release|Any CPU
		{82AA12B4-326F-E0D8-1BFB-08ED7FBF9B3C}.Release|Any CPU.Build.0 = Release|Any CPU
		{23B8C983-6FD5-2075-E2E7-E6A09287625B}.Debug|Any CPU.ActiveCfg = Debug|Any CPU
		{23B8C983-6FD5-2075-E2E7-E6A09287625B}.Debug|Any CPU.Build.0 = Debug|Any CPU
		{23B8C983-6FD5-2075-E2E7-E6A09287625B}.Release|Any CPU.ActiveCfg = Release|Any CPU
		{23B8C983-6FD5-2075-E2E7-E6A09287625B}.Release|Any CPU.Build.0 = Release|Any CPU
	EndGlobalSection
	GlobalSection(SolutionProperties) = preSolution
		HideSolutionNode = FALSE
	EndGlobalSection
	GlobalSection(ExtensibilityGlobals) = postSolution
		SolutionGuid = {39853F86-62D8-4B08-BC44-D7F626D253B9}
	EndGlobalSection
EndGlobal
