
Microsoft Visual Studio Solution File, Format Version 12.00
# Visual Studio Version 17
VisualStudioVersion = 17.0.31903.59
MinimumVisualStudioVersion = 10.0.40219.1
Project("{FAE04EC0-301F-11D3-BF4B-00C04F79EFBC}") = "AvaMujica", "AvaMujica\AvaMujica.csproj", "{A87B84A7-E4A9-47CC-8E69-196C49F742DC}"
EndProject
Project("{FAE04EC0-301F-11D3-BF4B-00C04F79EFBC}") = "AvaMujica.Desktop", "AvaMujica.Desktop\AvaMujica.Desktop.csproj", "{8D6C7A96-4D62-48A4-984A-23468FBE96C6}"
EndProject
Project("{FAE04EC0-301F-11D3-BF4B-00C04F79EFBC}") = "AvaMujica.Android", "AvaMujica.Android\AvaMujica.Android.csproj", "{B0660FAE-BBC8-4878-831A-4380187CDB84}"
EndProject
Global
	GlobalSection(SolutionConfigurationPlatforms) = preSolution
		Debug|Any CPU = Debug|Any CPU
		Debug|x64 = Debug|x64
		Debug|x86 = Debug|x86
		Release|Any CPU = Release|Any CPU
		Release|x64 = Release|x64
		Release|x86 = Release|x86
	EndGlobalSection
	GlobalSection(ProjectConfigurationPlatforms) = postSolution
		{A87B84A7-E4A9-47CC-8E69-196C49F742DC}.Debug|Any CPU.ActiveCfg = Debug|Any CPU
		{A87B84A7-E4A9-47CC-8E69-196C49F742DC}.Debug|Any CPU.Build.0 = Debug|Any CPU
		{A87B84A7-E4A9-47CC-8E69-196C49F742DC}.Debug|x64.ActiveCfg = Debug|Any CPU
		{A87B84A7-E4A9-47CC-8E69-196C49F742DC}.Debug|x64.Build.0 = Debug|Any CPU
		{A87B84A7-E4A9-47CC-8E69-196C49F742DC}.Debug|x86.ActiveCfg = Debug|Any CPU
		{A87B84A7-E4A9-47CC-8E69-196C49F742DC}.Debug|x86.Build.0 = Debug|Any CPU
		{A87B84A7-E4A9-47CC-8E69-196C49F742DC}.Release|Any CPU.ActiveCfg = Release|Any CPU
		{A87B84A7-E4A9-47CC-8E69-196C49F742DC}.Release|Any CPU.Build.0 = Release|Any CPU
		{A87B84A7-E4A9-47CC-8E69-196C49F742DC}.Release|x64.ActiveCfg = Release|Any CPU
		{A87B84A7-E4A9-47CC-8E69-196C49F742DC}.Release|x64.Build.0 = Release|Any CPU
		{A87B84A7-E4A9-47CC-8E69-196C49F742DC}.Release|x86.ActiveCfg = Release|Any CPU
		{A87B84A7-E4A9-47CC-8E69-196C49F742DC}.Release|x86.Build.0 = Release|Any CPU
		{8D6C7A96-4D62-48A4-984A-23468FBE96C6}.Debug|Any CPU.ActiveCfg = Debug|Any CPU
		{8D6C7A96-4D62-48A4-984A-23468FBE96C6}.Debug|Any CPU.Build.0 = Debug|Any CPU
		{8D6C7A96-4D62-48A4-984A-23468FBE96C6}.Debug|x64.ActiveCfg = Debug|Any CPU
		{8D6C7A96-4D62-48A4-984A-23468FBE96C6}.Debug|x64.Build.0 = Debug|Any CPU
		{8D6C7A96-4D62-48A4-984A-23468FBE96C6}.Debug|x86.ActiveCfg = Debug|Any CPU
		{8D6C7A96-4D62-48A4-984A-23468FBE96C6}.Debug|x86.Build.0 = Debug|Any CPU
		{8D6C7A96-4D62-48A4-984A-23468FBE96C6}.Release|Any CPU.ActiveCfg = Release|Any CPU
		{8D6C7A96-4D62-48A4-984A-23468FBE96C6}.Release|Any CPU.Build.0 = Release|Any CPU
		{8D6C7A96-4D62-48A4-984A-23468FBE96C6}.Release|x64.ActiveCfg = Release|Any CPU
		{8D6C7A96-4D62-48A4-984A-23468FBE96C6}.Release|x64.Build.0 = Release|Any CPU
		{8D6C7A96-4D62-48A4-984A-23468FBE96C6}.Release|x86.ActiveCfg = Release|Any CPU
		{8D6C7A96-4D62-48A4-984A-23468FBE96C6}.Release|x86.Build.0 = Release|Any CPU
		{B0660FAE-BBC8-4878-831A-4380187CDB84}.Debug|Any CPU.ActiveCfg = Debug|Any CPU
		{B0660FAE-BBC8-4878-831A-4380187CDB84}.Debug|Any CPU.Build.0 = Debug|Any CPU
		{B0660FAE-BBC8-4878-831A-4380187CDB84}.Debug|x64.ActiveCfg = Debug|Any CPU
		{B0660FAE-BBC8-4878-831A-4380187CDB84}.Debug|x64.Build.0 = Debug|Any CPU
		{B0660FAE-BBC8-4878-831A-4380187CDB84}.Debug|x86.ActiveCfg = Debug|Any CPU
		{B0660FAE-BBC8-4878-831A-4380187CDB84}.Debug|x86.Build.0 = Debug|Any CPU
		{B0660FAE-BBC8-4878-831A-4380187CDB84}.Release|Any CPU.ActiveCfg = Release|Any CPU
		{B0660FAE-BBC8-4878-831A-4380187CDB84}.Release|Any CPU.Build.0 = Release|Any CPU
		{B0660FAE-BBC8-4878-831A-4380187CDB84}.Release|x64.ActiveCfg = Release|Any CPU
		{B0660FAE-BBC8-4878-831A-4380187CDB84}.Release|x64.Build.0 = Release|Any CPU
		{B0660FAE-BBC8-4878-831A-4380187CDB84}.Release|x86.ActiveCfg = Release|Any CPU
		{B0660FAE-BBC8-4878-831A-4380187CDB84}.Release|x86.Build.0 = Release|Any CPU
	EndGlobalSection
	GlobalSection(SolutionProperties) = preSolution
		HideSolutionNode = FALSE
	EndGlobalSection
EndGlobal
