<Solution>
  <Project Path="AvaMujica.Android/AvaMujica.Android.csproj" />
  <Project Path="AvaMujica.Browser/AvaMujica.Browser.csproj" />
  <Project Path="AvaMujica.Desktop/AvaMujica.Desktop.csproj" />
  <Project Path="AvaMujica.iOS/AvaMujica.iOS.csproj" />
  <Project Path="AvaMujica/AvaMujica.csproj" />
</Solution>
